
Microsoft Visual Studio Solution File, Format Version 12.00
# Visual Studio Version 17
VisualStudioVersion = 17.11.35312.102
MinimumVisualStudioVersion = 10.0.40219.1
Project("{FAE04EC0-301F-11D3-BF4B-00C04F79EFBC}") = "WorldOfSuperMaket", "WorldOfSuperMaket.csproj", "{705C6D83-BA37-4652-86A7-0B996A3BB0E5}"
EndProject
Global
	GlobalSection(SolutionConfigurationPlatforms) = preSolution
		Debug|Any CPU = Debug|Any CPU
		Release|Any CPU = Release|Any CPU
	EndGlobalSection
	GlobalSection(ProjectConfigurationPlatforms) = postSolution
		{705C6D83-BA37-4652-86A7-0B996A3BB0E5}.Debug|Any CPU.ActiveCfg = Debug|Any CPU
		{705C6D83-BA37-4652-86A7-0B996A3BB0E5}.Debug|Any CPU.Build.0 = Debug|Any CPU
		{705C6D83-BA37-4652-86A7-0B996A3BB0E5}.Release|Any CPU.ActiveCfg = Release|Any CPU
		{705C6D83-BA37-4652-86A7-0B996A3BB0E5}.Release|Any CPU.Build.0 = Release|Any CPU
	EndGlobalSection
	GlobalSection(SolutionProperties) = preSolution
		HideSolutionNode = FALSE
	EndGlobalSection
	GlobalSection(ExtensibilityGlobals) = postSolution
		SolutionGuid = {F6D9C6E0-867D-443C-85F6-8C17D9AE6A97}
	EndGlobalSection
EndGlobal
